
Microsoft Visual Studio Solution File, Format Version 12.00
# Visual Studio 15
VisualStudioVersion = 15.0.28307.572
MinimumVisualStudioVersion = 10.0.40219.1
Project("{FAE04EC0-301F-11D3-BF4B-00C04F79EFBC}") = "EmployeeService", "EmployeeService\EmployeeService.csproj", "{E6A6FB48-3BFC-43FD-8BFB-C28D81F768B1}"
EndProject
Global
	GlobalSection(SolutionConfigurationPlatforms) = preSolution
		Debug|Any CPU = Debug|Any CPU
		Release|Any CPU = Release|Any CPU
	EndGlobalSection
	GlobalSection(ProjectConfigurationPlatforms) = postSolution
		{E6A6FB48-3BFC-43FD-8BFB-C28D81F768B1}.Debug|Any CPU.ActiveCfg = Debug|Any CPU
		{E6A6FB48-3BFC-43FD-8BFB-C28D81F768B1}.Debug|Any CPU.Build.0 = Debug|Any CPU
		{E6A6FB48-3BFC-43FD-8BFB-C28D81F768B1}.Release|Any CPU.ActiveCfg = Release|Any CPU
		{E6A6FB48-3BFC-43FD-8BFB-C28D81F768B1}.Release|Any CPU.Build.0 = Release|Any CPU
	EndGlobalSection
	GlobalSection(SolutionProperties) = preSolution
		HideSolutionNode = FALSE
	EndGlobalSection
	GlobalSection(ExtensibilityGlobals) = postSolution
		SolutionGuid = {4EE21E98-B0EE-47CF-A184-7D771D04B31C}
	EndGlobalSection
EndGlobal
